// !$*UTF8*$!
{
	archiveVersion = 1;
	classes = {
	};
	objectVersion = 46;
	objects = {

/* Begin PBXBuildFile section */
		751ECD871E8FEA4200610A5E /* DimmingMaskView.swift in Sources */ = {isa = PBXBuildFile; fileRef = 751ECD861E8FEA4200610A5E /* DimmingMaskView.swift */; };
		75E8663F1E8F56D300400BE8 /* AppDelegate.swift in Sources */ = {isa = PBXBuildFile; fileRef = 75E8663E1E8F56D300400BE8 /* AppDelegate.swift */; };
		75E866411E8F56D300400BE8 /* ViewController.swift in Sources */ = {isa = PBXBuildFile; fileRef = 75E866401E8F56D300400BE8 /* ViewController.swift */; };
		75E866441E8F56D300400BE8 /* Main.storyboard in Resources */ = {isa = PBXBuildFile; fileRef = 75E866421E8F56D300400BE8 /* Main.storyboard */; };
		75E866461E8F56D300400BE8 /* Assets.xcassets in Resources */ = {isa = PBXBuildFile; fileRef = 75E866451E8F56D300400BE8 /* Assets.xcassets */; };
		75E866491E8F56D300400BE8 /* LaunchScreen.storyboard in Resources */ = {isa = PBXBuildFile; fileRef = 75E866471E8F56D300400BE8 /* LaunchScreen.storyboard */; };
		75E866521E8F56ED00400BE8 /* CropViewController.swift in Sources */ = {isa = PBXBuildFile; fileRef = 75E866511E8F56ED00400BE8 /* CropViewController.swift */; };
		75E866541E8F578200400BE8 /* CropRectView.swift in Sources */ = {isa = PBXBuildFile; fileRef = 75E866531E8F578200400BE8 /* CropRectView.swift */; };
		75E866561E8F579B00400BE8 /* CropDragPointView.swift in Sources */ = {isa = PBXBuildFile; fileRef = 75E866551E8F579B00400BE8 /* CropDragPointView.swift */; };
		75E866581E8F5EA100400BE8 /* UIView+Additions.swift in Sources */ = {isa = PBXBuildFile; fileRef = 75E866571E8F5EA100400BE8 /* UIView+Additions.swift */; };
		75E8665A1E8F683000400BE8 /* CropDragPointManager.swift in Sources */ = {isa = PBXBuildFile; fileRef = 75E866591E8F683000400BE8 /* CropDragPointManager.swift */; };
/* End PBXBuildFile section */

/* Begin PBXFileReference section */
		751ECD861E8FEA4200610A5E /* DimmingMaskView.swift */ = {isa = PBXFileReference; fileEncoding = 4; lastKnownFileType = sourcecode.swift; path = DimmingMaskView.swift; sourceTree = "<group>"; };
		75E8663B1E8F56D300400BE8 /* CropKit.app */ = {isa = PBXFileReference; explicitFileType = wrapper.application; includeInIndex = 0; path = CropKit.app; sourceTree = BUILT_PRODUCTS_DIR; };
		75E8663E1E8F56D300400BE8 /* AppDelegate.swift */ = {isa = PBXFileReference; lastKnownFileType = sourcecode.swift; path = AppDelegate.swift; sourceTree = "<group>"; };
		75E866401E8F56D300400BE8 /* ViewController.swift */ = {isa = PBXFileReference; lastKnownFileType = sourcecode.swift; path = ViewController.swift; sourceTree = "<group>"; };
		75E866431E8F56D300400BE8 /* Base */ = {isa = PBXFileReference; lastKnownFileType = file.storyboard; name = Base; path = Base.lproj/Main.storyboard; sourceTree = "<group>"; };
		75E866451E8F56D300400BE8 /* Assets.xcassets */ = {isa = PBXFileReference; lastKnownFileType = folder.assetcatalog; path = Assets.xcassets; sourceTree = "<group>"; };
		75E866481E8F56D300400BE8 /* Base */ = {isa = PBXFileReference; lastKnownFileType = file.storyboard; name = Base; path = Base.lproj/LaunchScreen.storyboard; sourceTree = "<group>"; };
		75E8664A1E8F56D300400BE8 /* Info.plist */ = {isa = PBXFileReference; lastKnownFileType = text.plist.xml; path = Info.plist; sourceTree = "<group>"; };
		75E866511E8F56ED00400BE8 /* CropViewController.swift */ = {isa = PBXFileReference; fileEncoding = 4; lastKnownFileType = sourcecode.swift; path = CropViewController.swift; sourceTree = "<group>"; };
		75E866531E8F578200400BE8 /* CropRectView.swift */ = {isa = PBXFileReference; fileEncoding = 4; lastKnownFileType = sourcecode.swift; path = CropRectView.swift; sourceTree = "<group>"; };
		75E866551E8F579B00400BE8 /* CropDragPointView.swift */ = {isa = PBXFileReference; fileEncoding = 4; lastKnownFileType = sourcecode.swift; path = CropDragPointView.swift; sourceTree = "<group>"; };
		75E866571E8F5EA100400BE8 /* UIView+Additions.swift */ = {isa = PBXFileReference; fileEncoding = 4; lastKnownFileType = sourcecode.swift; path = "UIView+Additions.swift"; sourceTree = "<group>"; };
		75E866591E8F683000400BE8 /* CropDragPointManager.swift */ = {isa = PBXFileReference; fileEncoding = 4; lastKnownFileType = sourcecode.swift; path = CropDragPointManager.swift; sourceTree = "<group>"; };
/* End PBXFileReference section */

/* Begin PBXFrameworksBuildPhase section */
		75E866381E8F56D300400BE8 /* Frameworks */ = {
			isa = PBXFrameworksBuildPhase;
			buildActionMask = 2147483647;
			files = (
			);
			runOnlyForDeploymentPostprocessing = 0;
		};
/* End PBXFrameworksBuildPhase section */

/* Begin PBXGroup section */
		75E866321E8F56D300400BE8 = {
			isa = PBXGroup;
			children = (
				75E8663D1E8F56D300400BE8 /* CropKit */,
				75E8663C1E8F56D300400BE8 /* Products */,
			);
			sourceTree = "<group>";
		};
		75E8663C1E8F56D300400BE8 /* Products */ = {
			isa = PBXGroup;
			children = (
				75E8663B1E8F56D300400BE8 /* CropKit.app */,
			);
			name = Products;
			sourceTree = "<group>";
		};
		75E8663D1E8F56D300400BE8 /* CropKit */ = {
			isa = PBXGroup;
			children = (
				75E866501E8F56DC00400BE8 /* CropViewController */,
				75E8663E1E8F56D300400BE8 /* AppDelegate.swift */,
				75E866401E8F56D300400BE8 /* ViewController.swift */,
				75E866421E8F56D300400BE8 /* Main.storyboard */,
				75E866451E8F56D300400BE8 /* Assets.xcassets */,
				75E866471E8F56D300400BE8 /* LaunchScreen.storyboard */,
				75E8664A1E8F56D300400BE8 /* Info.plist */,
			);
			path = CropKit;
			sourceTree = "<group>";
		};
		75E866501E8F56DC00400BE8 /* CropViewController */ = {
			isa = PBXGroup;
			children = (
				75E866571E8F5EA100400BE8 /* UIView+Additions.swift */,
				75E866511E8F56ED00400BE8 /* CropViewController.swift */,
				75E866531E8F578200400BE8 /* CropRectView.swift */,
				75E866551E8F579B00400BE8 /* CropDragPointView.swift */,
				75E866591E8F683000400BE8 /* CropDragPointManager.swift */,
				751ECD861E8FEA4200610A5E /* DimmingMaskView.swift */,
			);
			name = CropViewController;
			sourceTree = "<group>";
		};
/* End PBXGroup section */

/* Begin PBXNativeTarget section */
		75E8663A1E8F56D300400BE8 /* CropKit */ = {
			isa = PBXNativeTarget;
			buildConfigurationList = 75E8664D1E8F56D300400BE8 /* Build configuration list for PBXNativeTarget "CropKit" */;
			buildPhases = (
				75E866371E8F56D300400BE8 /* Sources */,
				75E866381E8F56D300400BE8 /* Frameworks */,
				75E866391E8F56D300400BE8 /* Resources */,
			);
			buildRules = (
			);
			dependencies = (
			);
			name = CropKit;
			productName = CropKit;
			productReference = 75E8663B1E8F56D300400BE8 /* CropKit.app */;
			productType = "com.apple.product-type.application";
		};
/* End PBXNativeTarget section */

/* Begin PBXProject section */
		75E866331E8F56D300400BE8 /* Project object */ = {
			isa = PBXProject;
			attributes = {
				LastSwiftUpdateCheck = 0830;
				LastUpgradeCheck = 0830;
				ORGANIZATIONNAME = "Claybrook Software";
				TargetAttributes = {
					75E8663A1E8F56D300400BE8 = {
						CreatedOnToolsVersion = 8.3;
						DevelopmentTeam = 4SGAZDJL4U;
						ProvisioningStyle = Automatic;
					};
				};
			};
			buildConfigurationList = 75E866361E8F56D300400BE8 /* Build configuration list for PBXProject "CropKit" */;
			compatibilityVersion = "Xcode 3.2";
			developmentRegion = English;
			hasScannedForEncodings = 0;
			knownRegions = (
				en,
				Base,
			);
			mainGroup = 75E866321E8F56D300400BE8;
			productRefGroup = 75E8663C1E8F56D300400BE8 /* Products */;
			projectDirPath = "";
			projectRoot = "";
			targets = (
				75E8663A1E8F56D300400BE8 /* CropKit */,
			);
		};
/* End PBXProject section */

/* Begin PBXResourcesBuildPhase section */
		75E866391E8F56D300400BE8 /* Resources */ = {
			isa = PBXResourcesBuildPhase;
			buildActionMask = 2147483647;
			files = (
				75E866491E8F56D300400BE8 /* LaunchScreen.storyboard in Resources */,
				75E866461E8F56D300400BE8 /* Assets.xcassets in Resources */,
				75E866441E8F56D300400BE8 /* Main.storyboard in Resources */,
			);
			runOnlyForDeploymentPostprocessing = 0;
		};
/* End PBXResourcesBuildPhase section */

/* Begin PBXSourcesBuildPhase section */
		75E866371E8F56D300400BE8 /* Sources */ = {
			isa = PBXSourcesBuildPhase;
			buildActionMask = 2147483647;
			files = (
				75E866581E8F5EA100400BE8 /* UIView+Additions.swift in Sources */,
				75E866411E8F56D300400BE8 /* ViewController.swift in Sources */,
				75E8665A1E8F683000400BE8 /* CropDragPointManager.swift in Sources */,
				75E866561E8F579B00400BE8 /* CropDragPointView.swift in Sources */,
				751ECD871E8FEA4200610A5E /* DimmingMaskView.swift in Sources */,
				75E8663F1E8F56D300400BE8 /* AppDelegate.swift in Sources */,
				75E866541E8F578200400BE8 /* CropRectView.swift in Sources */,
				75E866521E8F56ED00400BE8 /* CropViewController.swift in Sources */,
			);
			runOnlyForDeploymentPostprocessing = 0;
		};
/* End PBXSourcesBuildPhase section */

/* Begin PBXVariantGroup section */
		75E866421E8F56D300400BE8 /* Main.storyboard */ = {
			isa = PBXVariantGroup;
			children = (
				75E866431E8F56D300400BE8 /* Base */,
			);
			name = Main.storyboard;
			sourceTree = "<group>";
		};
		75E866471E8F56D300400BE8 /* LaunchScreen.storyboard */ = {
			isa = PBXVariantGroup;
			children = (
				75E866481E8F56D300400BE8 /* Base */,
			);
			name = LaunchScreen.storyboard;
			sourceTree = "<group>";
		};
/* End PBXVariantGroup section */

/* Begin XCBuildConfiguration section */
		75E8664B1E8F56D300400BE8 /* Debug */ = {
			isa = XCBuildConfiguration;
			buildSettings = {
				ALWAYS_SEARCH_USER_PATHS = NO;
				CLANG_ANALYZER_NONNULL = YES;
				CLANG_ANALYZER_NUMBER_OBJECT_CONVERSION = YES_AGGRESSIVE;
				CLANG_CXX_LANGUAGE_STANDARD = "gnu++0x";
				CLANG_CXX_LIBRARY = "libc++";
				CLANG_ENABLE_MODULES = YES;
				CLANG_ENABLE_OBJC_ARC = YES;
				CLANG_WARN_BOOL_CONVERSION = YES;
				CLANG_WARN_CONSTANT_CONVERSION = YES;
				CLANG_WARN_DIRECT_OBJC_ISA_USAGE = YES_ERROR;
				CLANG_WARN_DOCUMENTATION_COMMENTS = YES;
				CLANG_WARN_EMPTY_BODY = YES;
				CLANG_WARN_ENUM_CONVERSION = YES;
				CLANG_WARN_INFINITE_RECURSION = YES;
				CLANG_WARN_INT_CONVERSION = YES;
				CLANG_WARN_OBJC_ROOT_CLASS = YES_ERROR;
				CLANG_WARN_SUSPICIOUS_MOVE = YES;
				CLANG_WARN_UNREACHABLE_CODE = YES;
				CLANG_WARN__DUPLICATE_METHOD_MATCH = YES;
				"CODE_SIGN_IDENTITY[sdk=iphoneos*]" = "iPhone Developer";
				COPY_PHASE_STRIP = NO;
				DEBUG_INFORMATION_FORMAT = dwarf;
				ENABLE_STRICT_OBJC_MSGSEND = YES;
				ENABLE_TESTABILITY = YES;
				GCC_C_LANGUAGE_STANDARD = gnu99;
				GCC_DYNAMIC_NO_PIC = NO;
				GCC_NO_COMMON_BLOCKS = YES;
				GCC_OPTIMIZATION_LEVEL = 0;
				GCC_PREPROCESSOR_DEFINITIONS = (
					"DEBUG=1",
					"$(inherited)",
				);
				GCC_WARN_64_TO_32_BIT_CONVERSION = YES;
				GCC_WARN_ABOUT_RETURN_TYPE = YES_ERROR;
				GCC_WARN_UNDECLARED_SELECTOR = YES;
				GCC_WARN_UNINITIALIZED_AUTOS = YES_AGGRESSIVE;
				GCC_WARN_UNUSED_FUNCTION = YES;
				GCC_WARN_UNUSED_VARIABLE = YES;
				IPHONEOS_DEPLOYMENT_TARGET = 10.3;
				MTL_ENABLE_DEBUG_INFO = YES;
				ONLY_ACTIVE_ARCH = YES;
				SDKROOT = iphoneos;
				SWIFT_ACTIVE_COMPILATION_CONDITIONS = DEBUG;
				SWIFT_OPTIMIZATION_LEVEL = "-Onone";
				TARGETED_DEVICE_FAMILY = "1,2";
			};
			name = Debug;
		};
		75E8664C1E8F56D300400BE8 /* Release */ = {
			isa = XCBuildConfiguration;
			buildSettings = {
				ALWAYS_SEARCH_USER_PATHS = NO;
				CLANG_ANALYZER_NONNULL = YES;
				CLANG_ANALYZER_NUMBER_OBJECT_CONVERSION = YES_AGGRESSIVE;
				CLANG_CXX_LANGUAGE_STANDARD = "gnu++0x";
				CLANG_CXX_LIBRARY = "libc++";
				CLANG_ENABLE_MODULES = YES;
				CLANG_ENABLE_OBJC_ARC = YES;
				CLANG_WARN_BOOL_CONVERSION = YES;
				CLANG_WARN_CONSTANT_CONVERSION = YES;
				CLANG_WARN_DIRECT_OBJC_ISA_USAGE = YES_ERROR;
				CLANG_WARN_DOCUMENTATION_COMMENTS = YES;
				CLANG_WARN_EMPTY_BODY = YES;
				CLANG_WARN_ENUM_CONVERSION = YES;
				CLANG_WARN_INFINITE_RECURSION = YES;
				CLANG_WARN_INT_CONVERSION = YES;
				CLANG_WARN_OBJC_ROOT_CLASS = YES_ERROR;
				CLANG_WARN_SUSPICIOUS_MOVE = YES;
				CLANG_WARN_UNREACHABLE_CODE = YES;
				CLANG_WARN__DUPLICATE_METHOD_MATCH = YES;
				"CODE_SIGN_IDENTITY[sdk=iphoneos*]" = "iPhone Developer";
				COPY_PHASE_STRIP = NO;
				DEBUG_INFORMATION_FORMAT = "dwarf-with-dsym";
				ENABLE_NS_ASSERTIONS = NO;
				ENABLE_STRICT_OBJC_MSGSEND = YES;
				GCC_C_LANGUAGE_STANDARD = gnu99;
				GCC_NO_COMMON_BLOCKS = YES;
				GCC_WARN_64_TO_32_BIT_CONVERSION = YES;
				GCC_WARN_ABOUT_RETURN_TYPE = YES_ERROR;
				GCC_WARN_UNDECLARED_SELECTOR = YES;
				GCC_WARN_UNINITIALIZED_AUTOS = YES_AGGRESSIVE;
				GCC_WARN_UNUSED_FUNCTION = YES;
				GCC_WARN_UNUSED_VARIABLE = YES;
				IPHONEOS_DEPLOYMENT_TARGET = 10.3;
				MTL_ENABLE_DEBUG_INFO = NO;
				SDKROOT = iphoneos;
				SWIFT_OPTIMIZATION_LEVEL = "-Owholemodule";
				TARGETED_DEVICE_FAMILY = "1,2";
				VALIDATE_PRODUCT = YES;
			};
			name = Release;
		};
		75E8664E1E8F56D300400BE8 /* Debug */ = {
			isa = XCBuildConfiguration;
			buildSettings = {
				ASSETCATALOG_COMPILER_APPICON_NAME = AppIcon;
				DEVELOPMENT_TEAM = 4SGAZDJL4U;
				INFOPLIST_FILE = CropKit/Info.plist;
				IPHONEOS_DEPLOYMENT_TARGET = 9.0;
				LD_RUNPATH_SEARCH_PATHS = "$(inherited) @executable_path/Frameworks";
				PRODUCT_BUNDLE_IDENTIFIER = com.claybrooksoftware.CropKit;
				PRODUCT_NAME = "$(TARGET_NAME)";
				SWIFT_VERSION = 3.0;
			};
			name = Debug;
		};
		75E8664F1E8F56D300400BE8 /* Release */ = {
			isa = XCBuildConfiguration;
			buildSettings = {
				ASSETCATALOG_COMPILER_APPICON_NAME = AppIcon;
				DEVELOPMENT_TEAM = 4SGAZDJL4U;
				INFOPLIST_FILE = CropKit/Info.plist;
				IPHONEOS_DEPLOYMENT_TARGET = 9.0;
				LD_RUNPATH_SEARCH_PATHS = "$(inherited) @executable_path/Frameworks";
				PRODUCT_BUNDLE_IDENTIFIER = com.claybrooksoftware.CropKit;
				PRODUCT_NAME = "$(TARGET_NAME)";
				SWIFT_VERSION = 3.0;
			};
			name = Release;
		};
/* End XCBuildConfiguration section */

/* Begin XCConfigurationList section */
		75E866361E8F56D300400BE8 /* Build configuration list for PBXProject "CropKit" */ = {
			isa = XCConfigurationList;
			buildConfigurations = (
				75E8664B1E8F56D300400BE8 /* Debug */,
				75E8664C1E8F56D300400BE8 /* Release */,
			);
			defaultConfigurationIsVisible = 0;
			defaultConfigurationName = Release;
		};
		75E8664D1E8F56D300400BE8 /* Build configuration list for PBXNativeTarget "CropKit" */ = {
			isa = XCConfigurationList;
			buildConfigurations = (
				75E8664E1E8F56D300400BE8 /* Debug */,
				75E8664F1E8F56D300400BE8 /* Release */,
			);
			defaultConfigurationIsVisible = 0;
			defaultConfigurationName = Release;
		};
/* End XCConfigurationList section */
	};
	rootObject = 75E866331E8F56D300400BE8 /* Project object */;
}
